# This file is autogenerated, do not edit; changes may be undone by the next 'dep ensure'.


[[projects]]
  digest = "1:b43c8fa11f5939f7f66f3446f010ba52837f5d54147e572beb4614b6fb218c79"
  name = "cloud.google.com/go"
  packages = [
    "compute/metadata",
    "iam",
    "kms/apiv1",
  ]
  pruneopts = "UT"
  revision = "f52f9bc132541d2aa914f42100c36d10b1ef7e0c"
  version = "v0.37.0"

[[projects]]
  digest = "1:43c0f7d28e1d4359041ef2d2ed2e37f599a6c623b1c59aac0d04da2fda29bbb3"
  name = "github.com/go-xorm/builder"
  packages = ["."]
  pruneopts = "UT"
  revision = "1d658d7596c25394aab557ef5b50ef35bf706384"
  version = "v0.3.4"

[[projects]]
  digest = "1:04021679f3d7777dc38fdc8760ead2b09dc7bf7ae1077ad415d11f68495bd74e"
  name = "github.com/go-xorm/core"
  packages = ["."]
  pruneopts = "UT"
  revision = "ccc80c1adf1f6172bbc548877f50a1163041a40a"
  version = "v0.6.2"

[[projects]]
  digest = "1:4f01359acf1d4bc0aade06dcfca6f7687516f54fbf70b467fe90057c614647f5"
  name = "github.com/go-xorm/xorm"
  packages = ["."]
  pruneopts = "UT"
  revision = "1f39c590c64924f358c0d89016ac9b2bb84e9125"
  version = "v0.7.1"

[[projects]]
  digest = "1:499b09c6fecbec76e839ef9acf07af100219048ed22b3ca7d78948ae2767e781"
  name = "github.com/golang/protobuf"
  packages = [
    "proto",
    "protoc-gen-go/descriptor",
    "ptypes",
    "ptypes/any",
    "ptypes/duration",
    "ptypes/struct",
    "ptypes/timestamp",
    "ptypes/wrappers",
  ]
  pruneopts = "UT"
  revision = "c823c79ea1570fb5ff454033735a8e68575d1d0f"
  version = "v1.3.0"

[[projects]]
  digest = "1:3c4df6e0ec96b9dec76f15e0bcad888fa268ee6404d1cdcaf90d7567e32a8f73"
  name = "github.com/google/wire"
  packages = ["."]
  pruneopts = "UT"
  revision = "9a7ae3ba6b734d831e88c75966fd5e9c0abdeace"
  version = "v0.2.1"

[[projects]]
  digest = "1:cd9864c6366515827a759931746738ede6079faa08df9c584596370d6add135c"
  name = "github.com/googleapis/gax-go"
  packages = [
    ".",
    "v2",
  ]
  pruneopts = "UT"
  revision = "c8a15bac9b9fe955bd9f900272f9a306465d28cf"
  version = "v2.0.3"

[[projects]]
  digest = "1:67474f760e9ac3799f740db2c489e6423a4cde45520673ec123ac831ad849cb8"
  name = "github.com/hashicorp/golang-lru"
  packages = ["simplelru"]
  pruneopts = "UT"
  revision = "7087cb70de9f7a8bc0a10c375cb0d2280a8edf9c"
  version = "v0.5.1"

[[projects]]
  digest = "1:8ef506fc2bb9ced9b151dafa592d4046063d744c646c1bbe801982ce87e4bc24"
  name = "github.com/lib/pq"
  packages = [
    ".",
    "oid",
  ]
  pruneopts = "UT"
  revision = "4ded0e9383f75c197b3a2aaa6d590ac52df6fd79"
  version = "v1.0.0"

[[projects]]
  digest = "1:1381b8539f9abce35487c1df5619c42d6920073a98aab88b68f33a4c8a0c7acc"
  name = "go.opencensus.io"
  packages = [
    ".",
    "exemplar",
    "internal",
    "internal/tagencoding",
    "plugin/ocgrpc",
    "plugin/ochttp",
    "plugin/ochttp/propagation/b3",
    "stats",
    "stats/internal",
    "stats/view",
    "tag",
    "trace",
    "trace/internal",
    "trace/propagation",
    "trace/tracestate",
  ]
  pruneopts = "UT"
  revision = "f305e5c4e2cf345eba88de13d10de1126fa45a61"
  version = "v0.19.1"

[[projects]]
  branch = "master"
  digest = "1:f85f7c4a6e3d346af168eee699b84ead39748c10a91b7bdadb391ac0f806e5b6"
  name = "gocloud.dev"
  packages = [
    "gcerrors",
    "gcp",
    "internal/gcerr",
    "internal/oc",
    "internal/openurl",
    "internal/retry",
    "internal/useragent",
    "secrets",
    "secrets/driver",
    "secrets/gcpkms",
  ]
  pruneopts = "UT"
  revision = "567dbd678a886ece9ca0fdec2471be52b25bb948"

[[projects]]
  branch = "master"
  digest = "1:5b51b81e299d0dfd03f567fd8d8a2d7ee954b3b72c69292f07c49aae785b6dd9"
  name = "golang.org/x/net"
  packages = [
    "context",
    "context/ctxhttp",
    "http/httpguts",
    "http2",
    "http2/hpack",
    "idna",
    "internal/timeseries",
    "trace",
  ]
  pruneopts = "UT"
  revision = "9f648a60d9775ef5c977e7669d1673a7a67bef33"

[[projects]]
  branch = "master"
  digest = "1:5e9f22cf754ab20a5dff0ae04b12516b112c5b81cd44dccccde148865084d730"
  name = "golang.org/x/oauth2"
  packages = [
    ".",
    "google",
    "internal",
    "jws",
    "jwt",
  ]
  pruneopts = "UT"
  revision = "e64efc72b421e893cbf63f17ba2221e7d6d0b0f3"

[[projects]]
  branch = "master"
  digest = "1:f36c7b9a36158e62ffe5d8b02d1b5955500c13106cdaeebf5323d88863cae96f"
  name = "golang.org/x/sys"
  packages = ["unix"]
  pruneopts = "UT"
  revision = "fead79001313d15903fb4605b4a1b781532cd93e"

[[projects]]
  digest = "1:a2ab62866c75542dd18d2b069fec854577a20211d7c0ea6ae746072a1dccdd18"
  name = "golang.org/x/text"
  packages = [
    "collate",
    "collate/build",
    "internal/colltab",
    "internal/gen",
    "internal/tag",
    "internal/triegen",
    "internal/ucd",
    "language",
    "secure/bidirule",
    "transform",
    "unicode/bidi",
    "unicode/cldr",
    "unicode/norm",
    "unicode/rangetable",
  ]
  pruneopts = "UT"
  revision = "f21a4dfb5e38f5895301dc265a8def02365cc3d0"
  version = "v0.3.0"

[[projects]]
  branch = "master"
  digest = "1:082530f09a83c0abfdb5915564c5f555dbf2beec22d855f72a890c3ffb9455e5"
  name = "golang.org/x/xerrors"
  packages = [
    ".",
    "internal",
  ]
  pruneopts = "UT"
  revision = "a5947ffaace3e882f334c1750858b4a6a7e52422"

[[projects]]
  digest = "1:1e31ce7668b1e399bfc1d8a40ec4533eb24120a79f84dce14d058cd9b3a26bfb"
  name = "google.golang.org/api"
  packages = [
    "googleapi/transport",
    "internal",
    "iterator",
    "option",
    "transport",
    "transport/grpc",
    "transport/http",
    "transport/http/internal/propagation",
  ]
  pruneopts = "UT"
  revision = "e742f5a8defa1f9f5d723dfa04c962e680dc33f0"
  version = "v0.2.0"

[[projects]]
  digest = "1:c4eaa5f79d36f76ef4bd0c4f96e36bc1b7b5a359528d1267f0cb7a5d58b7b5bb"
  name = "google.golang.org/appengine"
  packages = [
    ".",
    "internal",
    "internal/app_identity",
    "internal/base",
    "internal/datastore",
    "internal/log",
    "internal/modules",
    "internal/remote_api",
    "internal/socket",
    "internal/urlfetch",
    "socket",
    "urlfetch",
  ]
  pruneopts = "UT"
  revision = "e9657d882bb81064595ca3b56cbe2546bbabf7b1"
  version = "v1.4.0"

[[projects]]
  branch = "master"
  digest = "1:b2eeceb8b6216245f29aab6a95a38ac84cb9a16e0d12873747889645bceea875"
  name = "google.golang.org/genproto"
  packages = [
    "googleapis/api/annotations",
    "googleapis/cloud/kms/v1",
    "googleapis/iam/v1",
    "googleapis/rpc/status",
    "protobuf/field_mask",
  ]
  pruneopts = "UT"
  revision = "5fe7a883aa19554f42890211544aa549836af7b7"

[[projects]]
  digest = "1:9153ffce82afcac3bf963f2aac8df53a34859e293e7329b00ef42eea00fe100f"
  name = "google.golang.org/grpc"
  packages = [
    ".",
    "balancer",
    "balancer/base",
    "balancer/roundrobin",
    "binarylog/grpc_binarylog_v1",
    "codes",
    "connectivity",
    "credentials",
    "credentials/internal",
    "credentials/oauth",
    "encoding",
    "encoding/proto",
    "grpclog",
    "internal",
    "internal/backoff",
    "internal/binarylog",
    "internal/channelz",
    "internal/envconfig",
    "internal/grpcrand",
    "internal/grpcsync",
    "internal/syscall",
    "internal/transport",
    "keepalive",
    "metadata",
    "naming",
    "peer",
    "resolver",
    "resolver/dns",
    "resolver/passthrough",
    "stats",
    "status",
    "tap",
  ]
  pruneopts = "UT"
  revision = "2fdaae294f38ed9a121193c51ec99fecd3b13eb7"
  version = "v1.19.0"

[solve-meta]
  analyzer-name = "dep"
  analyzer-version = 1
  input-imports = [
    "github.com/go-xorm/xorm",
    "github.com/lib/pq",
    "gocloud.dev/secrets",
    "gocloud.dev/secrets/gcpkms",
  ]
  solver-name = "gps-cdcl"
  solver-version = 1
